
Microsoft Visual Studio Solution File, Format Version 12.00
# Visual Studio Version 17
VisualStudioVersion = 17.1.32414.318
MinimumVisualStudioVersion = 10.0.40219.1
Project("{FAE04EC0-301F-11D3-BF4B-00C04F79EFBC}") = "DndServer", "DndServer\DndServer.csproj", "{402A4FAA-E680-4D8C-B5F2-E2BAC1DA27C7}"
EndProject
Global
	GlobalSection(SolutionConfigurationPlatforms) = preSolution
		Debug|Any CPU = Debug|Any CPU
		Release|Any CPU = Release|Any CPU
	EndGlobalSection
	GlobalSection(ProjectConfigurationPlatforms) = postSolution
		{402A4FAA-E680-4D8C-B5F2-E2BAC1DA27C7}.Debug|Any CPU.ActiveCfg = Debug|Any CPU
		{402A4FAA-E680-4D8C-B5F2-E2BAC1DA27C7}.Debug|Any CPU.Build.0 = Debug|Any CPU
		{402A4FAA-E680-4D8C-B5F2-E2BAC1DA27C7}.Release|Any CPU.ActiveCfg = Release|Any CPU
		{402A4FAA-E680-4D8C-B5F2-E2BAC1DA27C7}.Release|Any CPU.Build.0 = Release|Any CPU
	EndGlobalSection
	GlobalSection(SolutionProperties) = preSolution
		HideSolutionNode = FALSE
	EndGlobalSection
	GlobalSection(ExtensibilityGlobals) = postSolution
		SolutionGuid = {CD8395BE-79E2-4B7A-9ED6-16EC94237461}
	EndGlobalSection
EndGlobal
